
Microsoft Visual Studio Solution File, Format Version 12.00
# Visual Studio Version 16
VisualStudioVersion = 16.0.28729.10
MinimumVisualStudioVersion = 15.0.26124.0
Project("{9A19103F-16F7-4668-BE54-9A1E7A4F7556}") = "Bender", "Bender\Bender.csproj", "{C0BE73E3-31F2-49D8-98DF-46C6B9E57AD9}"
EndProject
Project("{9A19103F-16F7-4668-BE54-9A1E7A4F7556}") = "Bender.Models", "Bender.Models\Bender.Models.csproj", "{A7121540-786B-40EF-B186-64FF6A9ACA15}"
EndProject
Project("{FAE04EC0-301F-11D3-BF4B-00C04F79EFBC}") = "Bender.Tests", "Bender.Tests\Bender.Tests.csproj", "{E09D10BB-5007-4B88-9DCA-A78304FDB167}"
EndProject
Global
	GlobalSection(SolutionConfigurationPlatforms) = preSolution
		Debug|Any CPU = Debug|Any CPU
		Debug|x64 = Debug|x64
		Debug|x86 = Debug|x86
		Release|Any CPU = Release|Any CPU
		Release|x64 = Release|x64
		Release|x86 = Release|x86
	EndGlobalSection
	GlobalSection(ProjectConfigurationPlatforms) = postSolution
		{C0BE73E3-31F2-49D8-98DF-46C6B9E57AD9}.Debug|Any CPU.ActiveCfg = Debug|Any CPU
		{C0BE73E3-31F2-49D8-98DF-46C6B9E57AD9}.Debug|Any CPU.Build.0 = Debug|Any CPU
		{C0BE73E3-31F2-49D8-98DF-46C6B9E57AD9}.Debug|x64.ActiveCfg = Debug|Any CPU
		{C0BE73E3-31F2-49D8-98DF-46C6B9E57AD9}.Debug|x64.Build.0 = Debug|Any CPU
		{C0BE73E3-31F2-49D8-98DF-46C6B9E57AD9}.Debug|x86.ActiveCfg = Debug|Any CPU
		{C0BE73E3-31F2-49D8-98DF-46C6B9E57AD9}.Debug|x86.Build.0 = Debug|Any CPU
		{C0BE73E3-31F2-49D8-98DF-46C6B9E57AD9}.Release|Any CPU.ActiveCfg = Release|Any CPU
		{C0BE73E3-31F2-49D8-98DF-46C6B9E57AD9}.Release|Any CPU.Build.0 = Release|Any CPU
		{C0BE73E3-31F2-49D8-98DF-46C6B9E57AD9}.Release|x64.ActiveCfg = Release|Any CPU
		{C0BE73E3-31F2-49D8-98DF-46C6B9E57AD9}.Release|x64.Build.0 = Release|Any CPU
		{C0BE73E3-31F2-49D8-98DF-46C6B9E57AD9}.Release|x86.ActiveCfg = Release|Any CPU
		{C0BE73E3-31F2-49D8-98DF-46C6B9E57AD9}.Release|x86.Build.0 = Release|Any CPU
		{A7121540-786B-40EF-B186-64FF6A9ACA15}.Debug|Any CPU.ActiveCfg = Debug|Any CPU
		{A7121540-786B-40EF-B186-64FF6A9ACA15}.Debug|Any CPU.Build.0 = Debug|Any CPU
		{A7121540-786B-40EF-B186-64FF6A9ACA15}.Debug|x64.ActiveCfg = Debug|Any CPU
		{A7121540-786B-40EF-B186-64FF6A9ACA15}.Debug|x64.Build.0 = Debug|Any CPU
		{A7121540-786B-40EF-B186-64FF6A9ACA15}.Debug|x86.ActiveCfg = Debug|Any CPU
		{A7121540-786B-40EF-B186-64FF6A9ACA15}.Debug|x86.Build.0 = Debug|Any CPU
		{A7121540-786B-40EF-B186-64FF6A9ACA15}.Release|Any CPU.ActiveCfg = Release|Any CPU
		{A7121540-786B-40EF-B186-64FF6A9ACA15}.Release|Any CPU.Build.0 = Release|Any CPU
		{A7121540-786B-40EF-B186-64FF6A9ACA15}.Release|x64.ActiveCfg = Release|Any CPU
		{A7121540-786B-40EF-B186-64FF6A9ACA15}.Release|x64.Build.0 = Release|Any CPU
		{A7121540-786B-40EF-B186-64FF6A9ACA15}.Release|x86.ActiveCfg = Release|Any CPU
		{A7121540-786B-40EF-B186-64FF6A9ACA15}.Release|x86.Build.0 = Release|Any CPU
		{E09D10BB-5007-4B88-9DCA-A78304FDB167}.Debug|Any CPU.ActiveCfg = Debug|Any CPU
		{E09D10BB-5007-4B88-9DCA-A78304FDB167}.Debug|Any CPU.Build.0 = Debug|Any CPU
		{E09D10BB-5007-4B88-9DCA-A78304FDB167}.Debug|x64.ActiveCfg = Debug|Any CPU
		{E09D10BB-5007-4B88-9DCA-A78304FDB167}.Debug|x64.Build.0 = Debug|Any CPU
		{E09D10BB-5007-4B88-9DCA-A78304FDB167}.Debug|x86.ActiveCfg = Debug|Any CPU
		{E09D10BB-5007-4B88-9DCA-A78304FDB167}.Debug|x86.Build.0 = Debug|Any CPU
		{E09D10BB-5007-4B88-9DCA-A78304FDB167}.Release|Any CPU.ActiveCfg = Release|Any CPU
		{E09D10BB-5007-4B88-9DCA-A78304FDB167}.Release|Any CPU.Build.0 = Release|Any CPU
		{E09D10BB-5007-4B88-9DCA-A78304FDB167}.Release|x64.ActiveCfg = Release|Any CPU
		{E09D10BB-5007-4B88-9DCA-A78304FDB167}.Release|x64.Build.0 = Release|Any CPU
		{E09D10BB-5007-4B88-9DCA-A78304FDB167}.Release|x86.ActiveCfg = Release|Any CPU
		{E09D10BB-5007-4B88-9DCA-A78304FDB167}.Release|x86.Build.0 = Release|Any CPU
	EndGlobalSection
	GlobalSection(SolutionProperties) = preSolution
		HideSolutionNode = FALSE
	EndGlobalSection
	GlobalSection(ExtensibilityGlobals) = postSolution
		SolutionGuid = {D9B85E29-CEAB-444A-B165-FE1A0A1C6C52}
	EndGlobalSection
EndGlobal
